
Microsoft Visual Studio Solution File, Format Version 12.00
# Visual Studio Version 16
VisualStudioVersion = 16.0.30517.126
MinimumVisualStudioVersion = 10.0.40219.1
Project("{9A19103F-16F7-4668-BE54-9A1E7A4F7556}") = "BlazorChat.API", "BlazorChat.API\BlazorChat.API.csproj", "{9F92FD11-BD83-4A33-A76C-1444904A6D96}"
EndProject
Project("{9A19103F-16F7-4668-BE54-9A1E7A4F7556}") = "BlasorChat.Models", "BlasorChat.Models\BlasorChat.Models.csproj", "{9F1D3466-EC02-4FEC-91F6-749CE67E9DFE}"
EndProject
Global
	GlobalSection(SolutionConfigurationPlatforms) = preSolution
		Debug|Any CPU = Debug|Any CPU
		Release|Any CPU = Release|Any CPU
	EndGlobalSection
	GlobalSection(ProjectConfigurationPlatforms) = postSolution
		{9F92FD11-BD83-4A33-A76C-1444904A6D96}.Debug|Any CPU.ActiveCfg = Debug|Any CPU
		{9F92FD11-BD83-4A33-A76C-1444904A6D96}.Debug|Any CPU.Build.0 = Debug|Any CPU
		{9F92FD11-BD83-4A33-A76C-1444904A6D96}.Release|Any CPU.ActiveCfg = Release|Any CPU
		{9F92FD11-BD83-4A33-A76C-1444904A6D96}.Release|Any CPU.Build.0 = Release|Any CPU
		{9F1D3466-EC02-4FEC-91F6-749CE67E9DFE}.Debug|Any CPU.ActiveCfg = Debug|Any CPU
		{9F1D3466-EC02-4FEC-91F6-749CE67E9DFE}.Debug|Any CPU.Build.0 = Debug|Any CPU
		{9F1D3466-EC02-4FEC-91F6-749CE67E9DFE}.Release|Any CPU.ActiveCfg = Release|Any CPU
		{9F1D3466-EC02-4FEC-91F6-749CE67E9DFE}.Release|Any CPU.Build.0 = Release|Any CPU
	EndGlobalSection
	GlobalSection(SolutionProperties) = preSolution
		HideSolutionNode = FALSE
	EndGlobalSection
	GlobalSection(ExtensibilityGlobals) = postSolution
		SolutionGuid = {B150EDEE-88A4-4D71-837A-E72B258E6D5C}
	EndGlobalSection
EndGlobal
